# This file is automatically @generated by Poetry 1.5.1 and should not be changed by hand.

[[package]]
name = "amqp"
version = "5.1.1"
description = "Low-level AMQP client for Python (fork of amqplib)."
optional = false
python-versions = ">=3.6"
files = [
    {file = "amqp-5.1.1-py3-none-any.whl", hash = "sha256:6f0956d2c23d8fa6e7691934d8c3930eadb44972cbbd1a7ae3a520f735d43359"},
    {file = "amqp-5.1.1.tar.gz", hash = "sha256:2c1b13fecc0893e946c65cbd5f36427861cffa4ea2201d8f6fca22e2a373b5e2"},
]

[package.dependencies]
vine = ">=5.0.0"

[[package]]
name = "asgiref"
version = "3.7.2"
description = "ASGI specs, helper code, and adapters"
optional = false
python-versions = ">=3.7"
files = [
    {file = "asgiref-3.7.2-py3-none-any.whl", hash = "sha256:89b2ef2247e3b562a16eef663bc0e2e703ec6468e2fa8a5cd61cd449786d4f6e"},
    {file = "asgiref-3.7.2.tar.gz", hash = "sha256:9e0ce3aa93a819ba5b45120216b23878cf6e8525eb3848653452b4192b92afed"},
]

[package.extras]
tests = ["mypy (>=0.800)", "pytest", "pytest-asyncio"]

[[package]]
name = "async-timeout"
version = "4.0.2"
description = "Timeout context manager for asyncio programs"
optional = false
python-versions = ">=3.6"
files = [
    {file = "async-timeout-4.0.2.tar.gz", hash = "sha256:2163e1640ddb52b7a8c80d0a67a08587e5d245cc9c553a74a847056bc2976b15"},
    {file = "async_timeout-4.0.2-py3-none-any.whl", hash = "sha256:8ca1e4fcf50d07413d66d1a5e416e42cfdf5851c981d679a09851a6853383b3c"},
]

[[package]]
name = "billiard"
version = "4.1.0"
description = "Python multiprocessing fork with improvements and bugfixes"
optional = false
python-versions = ">=3.7"
files = [
    {file = "billiard-4.1.0-py3-none-any.whl", hash = "sha256:0f50d6be051c6b2b75bfbc8bfd85af195c5739c281d3f5b86a5640c65563614a"},
    {file = "billiard-4.1.0.tar.gz", hash = "sha256:1ad2eeae8e28053d729ba3373d34d9d6e210f6e4d8bf0a9c64f92bd053f1edf5"},
]

[[package]]
name = "celery"
version = "5.3.1"
description = "Distributed Task Queue."
optional = false
python-versions = ">=3.8"
files = [
    {file = "celery-5.3.1-py3-none-any.whl", hash = "sha256:27f8f3f3b58de6e0ab4f174791383bbd7445aff0471a43e99cfd77727940753f"},
    {file = "celery-5.3.1.tar.gz", hash = "sha256:f84d1c21a1520c116c2b7d26593926581191435a03aa74b77c941b93ca1c6210"},
]

[package.dependencies]
billiard = ">=4.1.0,<5.0"
click = ">=8.1.2,<9.0"
click-didyoumean = ">=0.3.0"
click-plugins = ">=1.1.1"
click-repl = ">=0.2.0"
kombu = ">=5.3.1,<6.0"
python-dateutil = ">=2.8.2"
tzdata = ">=2022.7"
vine = ">=5.0.0,<6.0"

[package.extras]
arangodb = ["pyArango (>=2.0.1)"]
auth = ["cryptography (==41.0.1)"]
azureblockblob = ["azure-storage-blob (>=12.15.0)"]
brotli = ["brotli (>=1.0.0)", "brotlipy (>=0.7.0)"]
cassandra = ["cassandra-driver (>=3.25.0,<4)"]
consul = ["python-consul2 (==0.1.5)"]
cosmosdbsql = ["pydocumentdb (==2.3.5)"]
couchbase = ["couchbase (>=3.0.0)"]
couchdb = ["pycouchdb (==1.14.2)"]
django = ["Django (>=2.2.28)"]
dynamodb = ["boto3 (>=1.26.143)"]
elasticsearch = ["elasticsearch (<8.0)"]
eventlet = ["eventlet (>=0.32.0)"]
gevent = ["gevent (>=1.5.0)"]
librabbitmq = ["librabbitmq (>=2.0.0)"]
memcache = ["pylibmc (==1.6.3)"]
mongodb = ["pymongo[srv] (>=4.0.2)"]
msgpack = ["msgpack (==1.0.5)"]
pymemcache = ["python-memcached (==1.59)"]
pyro = ["pyro4 (==4.82)"]
pytest = ["pytest-celery (==0.0.0)"]
redis = ["redis (>=4.5.2,!=4.5.5)"]
s3 = ["boto3 (>=1.26.143)"]
slmq = ["softlayer-messaging (>=1.0.3)"]
solar = ["ephem (==4.1.4)"]
sqlalchemy = ["sqlalchemy (>=1.4.48,<2.1)"]
sqs = ["boto3 (>=1.26.143)", "kombu[sqs] (>=5.3.0)", "pycurl (>=7.43.0.5)", "urllib3 (>=1.26.16)"]
tblib = ["tblib (>=1.3.0)", "tblib (>=1.5.0)"]
yaml = ["PyYAML (>=3.10)"]
zookeeper = ["kazoo (>=1.3.1)"]
zstd = ["zstandard (==0.21.0)"]

[[package]]
name = "click"
version = "8.1.6"
description = "Composable command line interface toolkit"
optional = false
python-versions = ">=3.7"
files = [
    {file = "click-8.1.6-py3-none-any.whl", hash = "sha256:fa244bb30b3b5ee2cae3da8f55c9e5e0c0e86093306301fb418eb9dc40fbded5"},
    {file = "click-8.1.6.tar.gz", hash = "sha256:48ee849951919527a045bfe3bf7baa8a959c423134e1a5b98c05c20ba75a1cbd"},
]

[package.dependencies]
colorama = {version = "*", markers = "platform_system == \"Windows\""}

[[package]]
name = "click-didyoumean"
version = "0.3.0"
description = "Enables git-like *did-you-mean* feature in click"
optional = false
python-versions = ">=3.6.2,<4.0.0"
files = [
    {file = "click-didyoumean-0.3.0.tar.gz", hash = "sha256:f184f0d851d96b6d29297354ed981b7dd71df7ff500d82fa6d11f0856bee8035"},
    {file = "click_didyoumean-0.3.0-py3-none-any.whl", hash = "sha256:a0713dc7a1de3f06bc0df5a9567ad19ead2d3d5689b434768a6145bff77c0667"},
]

[package.dependencies]
click = ">=7"

[[package]]
name = "click-plugins"
version = "1.1.1"
description = "An extension module for click to enable registering CLI commands via setuptools entry-points."
optional = false
python-versions = "*"
files = [
    {file = "click-plugins-1.1.1.tar.gz", hash = "sha256:46ab999744a9d831159c3411bb0c79346d94a444df9a3a3742e9ed63645f264b"},
    {file = "click_plugins-1.1.1-py2.py3-none-any.whl", hash = "sha256:5d262006d3222f5057fd81e1623d4443e41dcda5dc815c06b442aa3c02889fc8"},
]

[package.dependencies]
click = ">=4.0"

[package.extras]
dev = ["coveralls", "pytest (>=3.6)", "pytest-cov", "wheel"]

[[package]]
name = "click-repl"
version = "0.3.0"
description = "REPL plugin for Click"
optional = false
python-versions = ">=3.6"
files = [
    {file = "click-repl-0.3.0.tar.gz", hash = "sha256:17849c23dba3d667247dc4defe1757fff98694e90fe37474f3feebb69ced26a9"},
    {file = "click_repl-0.3.0-py3-none-any.whl", hash = "sha256:fb7e06deb8da8de86180a33a9da97ac316751c094c6899382da7feeeeb51b812"},
]

[package.dependencies]
click = ">=7.0"
prompt-toolkit = ">=3.0.36"

[package.extras]
testing = ["pytest (>=7.2.1)", "pytest-cov (>=4.0.0)", "tox (>=4.4.3)"]

[[package]]
name = "colorama"
version = "0.4.6"
description = "Cross-platform colored terminal text."
optional = false
python-versions = "!=3.0.*,!=3.1.*,!=3.2.*,!=3.3.*,!=3.4.*,!=3.5.*,!=3.6.*,>=2.7"
files = [
    {file = "colorama-0.4.6-py2.py3-none-any.whl", hash = "sha256:4f1d9991f5acc0ca119f9d443620b77f9d6b33703e51011c16baf57afb285fc6"},
    {file = "colorama-0.4.6.tar.gz", hash = "sha256:08695f5cb7ed6e0531a20572697297273c47b8cae5a63ffc6d6ed5c201be6e44"},
]

[[package]]
name = "crispy-bootstrap5"
version = "0.7"
description = "Bootstrap5 template pack for django-crispy-forms"
optional = false
python-versions = ">=3.7"
files = [
    {file = "crispy-bootstrap5-0.7.tar.gz", hash = "sha256:0745a67199619149b7feca87dab7a45664876ed50fb582b38fd2aeb3f8a8d869"},
    {file = "crispy_bootstrap5-0.7-py3-none-any.whl", hash = "sha256:f3ff1ef5cb379fe80b1b02e245008f276444098a4bdb8d855bed84c623798a85"},
]

[package.dependencies]
django = ">=3.2"
django-crispy-forms = ">=1.13.0"

[package.extras]
test = ["pytest", "pytest-django"]

[[package]]
name = "cron-descriptor"
version = "1.4.0"
description = "A Python library that converts cron expressions into human readable strings."
optional = false
python-versions = "*"
files = [
    {file = "cron_descriptor-1.4.0.tar.gz", hash = "sha256:b6ff4e3a988d7ca04a4ab150248e9f166fb7a5c828a85090e75bcc25aa93b4dd"},
]

[package.extras]
dev = ["polib"]

[[package]]
name = "cssselect"
version = "1.2.0"
description = "cssselect parses CSS3 Selectors and translates them to XPath 1.0"
optional = false
python-versions = ">=3.7"
files = [
    {file = "cssselect-1.2.0-py2.py3-none-any.whl", hash = "sha256:da1885f0c10b60c03ed5eccbb6b68d6eff248d91976fcde348f395d54c9fd35e"},
    {file = "cssselect-1.2.0.tar.gz", hash = "sha256:666b19839cfaddb9ce9d36bfe4c969132c647b92fc9088c4e23f786b30f1b3dc"},
]

[[package]]
name = "d"
version = "0.2.2"
description = "Documentation generation that won't make you tear your hair out."
optional = false
python-versions = "*"
files = [
    {file = "d-0.2.2.tar.gz", hash = "sha256:7ebeed78bcda880c432d2edbd0dd7188c6fd46c540daca6677ae26dcce05a018"},
]

[package.dependencies]
Markdown = "*"
pygments = "*"
pyquery = "*"

[[package]]
name = "django"
version = "4.2.3"
description = "A high-level Python web framework that encourages rapid development and clean, pragmatic design."
optional = false
python-versions = ">=3.8"
files = [
    {file = "Django-4.2.3-py3-none-any.whl", hash = "sha256:f7c7852a5ac5a3da5a8d5b35cc6168f31b605971441798dac845f17ca8028039"},
    {file = "Django-4.2.3.tar.gz", hash = "sha256:45a747e1c5b3d6df1b141b1481e193b033fd1fdbda3ff52677dc81afdaacbaed"},
]

[package.dependencies]
asgiref = ">=3.6.0,<4"
sqlparse = ">=0.3.1"
tzdata = {version = "*", markers = "sys_platform == \"win32\""}

[package.extras]
argon2 = ["argon2-cffi (>=19.1.0)"]
bcrypt = ["bcrypt"]

[[package]]
name = "django-celery-beat"
version = "2.5.0"
description = "Database-backed Periodic Tasks."
optional = false
python-versions = "*"
files = [
    {file = "django-celery-beat-2.5.0.tar.gz", hash = "sha256:cd0a47f5958402f51ac0c715bc942ae33d7b50b4e48cba91bc3f2712be505df1"},
    {file = "django_celery_beat-2.5.0-py3-none-any.whl", hash = "sha256:ae460faa5ea142fba0875409095d22f6bd7bcc7377889b85e8cab5c0dfb781fe"},
]

[package.dependencies]
celery = ">=5.2.3,<6.0"
cron-descriptor = ">=1.2.32"
Django = ">=2.2,<5.0"
django-timezone-field = ">=5.0"
python-crontab = ">=2.3.4"
tzdata = "*"

[[package]]
name = "django-celery-results"
version = "2.5.1"
description = "Celery result backends for Django."
optional = false
python-versions = "*"
files = [
    {file = "django_celery_results-2.5.1-py3-none-any.whl", hash = "sha256:0da4cd5ecc049333e4524a23fcfc3460dfae91aa0a60f1fae4b6b2889c254e01"},
    {file = "django_celery_results-2.5.1.tar.gz", hash = "sha256:3ecb7147f773f34d0381bac6246337ce4cf88a2ea7b82774ed48e518b67bb8fd"},
]

[package.dependencies]
celery = ">=5.2.7,<6.0"
Django = ">=3.2.18"

[[package]]
name = "django-crispy-forms"
version = "2.0"
description = "Best way to have Django DRY forms"
optional = false
python-versions = ">=3.7"
files = [
    {file = "django-crispy-forms-2.0.tar.gz", hash = "sha256:90193b068bf948d9c68449bc8260afed1a8e2afe11ee0bac8c4ebfaeb175b322"},
    {file = "django_crispy_forms-2.0-py3-none-any.whl", hash = "sha256:d1d4e585929058a9ab3b797666ea5b69320b9ba7937f9d146d32173246a6fd13"},
]

[package.dependencies]
django = ">=3.2"

[[package]]
name = "django-timezone-field"
version = "5.1"
description = "A Django app providing DB, form, and REST framework fields for zoneinfo and pytz timezone objects."
optional = false
python-versions = ">=3.7,<4.0"
files = [
    {file = "django_timezone_field-5.1-py3-none-any.whl", hash = "sha256:16ca9955a4e16064e32168b1a0d1cdb2839679c6cb56856c1f49f506e2ca4281"},
    {file = "django_timezone_field-5.1.tar.gz", hash = "sha256:73fc49519273cd5da1c7f16abc04a4bcad87b00cc02968d0d384c0fecf9a8a86"},
]

[package.dependencies]
Django = ">=2.2,<3.0.dev0 || >=3.2.dev0,<5.0"
pytz = "*"

[[package]]
name = "djangorestframework"
version = "3.14.0"
description = "Web APIs for Django, made easy."
optional = false
python-versions = ">=3.6"
files = [
    {file = "djangorestframework-3.14.0-py3-none-any.whl", hash = "sha256:eb63f58c9f218e1a7d064d17a70751f528ed4e1d35547fdade9aaf4cd103fd08"},
    {file = "djangorestframework-3.14.0.tar.gz", hash = "sha256:579a333e6256b09489cbe0a067e66abe55c6595d8926be6b99423786334350c8"},
]

[package.dependencies]
django = ">=3.0"
pytz = "*"

[[package]]
name = "flake8"
version = "6.1.0"
description = "the modular source code checker: pep8 pyflakes and co"
optional = false
python-versions = ">=3.8.1"
files = [
    {file = "flake8-6.1.0-py2.py3-none-any.whl", hash = "sha256:ffdfce58ea94c6580c77888a86506937f9a1a227dfcd15f245d694ae20a6b6e5"},
    {file = "flake8-6.1.0.tar.gz", hash = "sha256:d5b3857f07c030bdb5bf41c7f53799571d75c4491748a3adcd47de929e34cd23"},
]

[package.dependencies]
mccabe = ">=0.7.0,<0.8.0"
pycodestyle = ">=2.11.0,<2.12.0"
pyflakes = ">=3.1.0,<3.2.0"

[[package]]
name = "kombu"
version = "5.3.1"
description = "Messaging library for Python."
optional = false
python-versions = ">=3.8"
files = [
    {file = "kombu-5.3.1-py3-none-any.whl", hash = "sha256:48ee589e8833126fd01ceaa08f8a2041334e9f5894e5763c8486a550454551e9"},
    {file = "kombu-5.3.1.tar.gz", hash = "sha256:fbd7572d92c0bf71c112a6b45163153dea5a7b6a701ec16b568c27d0fd2370f2"},
]

[package.dependencies]
amqp = ">=5.1.1,<6.0.0"
vine = "*"

[package.extras]
azureservicebus = ["azure-servicebus (>=7.10.0)"]
azurestoragequeues = ["azure-identity (>=1.12.0)", "azure-storage-queue (>=12.6.0)"]
confluentkafka = ["confluent-kafka (==2.1.1)"]
consul = ["python-consul2"]
librabbitmq = ["librabbitmq (>=2.0.0)"]
mongodb = ["pymongo (>=4.1.1)"]
msgpack = ["msgpack"]
pyro = ["pyro4"]
qpid = ["qpid-python (>=0.26)", "qpid-tools (>=0.26)"]
redis = ["redis (>=4.5.2)"]
slmq = ["softlayer-messaging (>=1.0.3)"]
sqlalchemy = ["sqlalchemy (>=1.4.48,<2.1)"]
sqs = ["boto3 (>=1.26.143)", "pycurl (>=7.43.0.5)", "urllib3 (>=1.26.16)"]
yaml = ["PyYAML (>=3.10)"]
zookeeper = ["kazoo (>=2.8.0)"]

[[package]]
name = "lxml"
version = "4.9.3"
description = "Powerful and Pythonic XML processing library combining libxml2/libxslt with the ElementTree API."
optional = false
python-versions = ">=2.7, !=3.0.*, !=3.1.*, !=3.2.*, !=3.3.*, != 3.4.*"
files = [
    {file = "lxml-4.9.3-cp27-cp27m-macosx_11_0_x86_64.whl", hash = "sha256:b0a545b46b526d418eb91754565ba5b63b1c0b12f9bd2f808c852d9b4b2f9b5c"},
    {file = "lxml-4.9.3-cp27-cp27m-manylinux_2_5_i686.manylinux1_i686.whl", hash = "sha256:075b731ddd9e7f68ad24c635374211376aa05a281673ede86cbe1d1b3455279d"},
    {file = "lxml-4.9.3-cp27-cp27m-manylinux_2_5_x86_64.manylinux1_x86_64.whl", hash = "sha256:1e224d5755dba2f4a9498e150c43792392ac9b5380aa1b845f98a1618c94eeef"},
    {file = "lxml-4.9.3-cp27-cp27m-win32.whl", hash = "sha256:2c74524e179f2ad6d2a4f7caf70e2d96639c0954c943ad601a9e146c76408ed7"},
    {file = "lxml-4.9.3-cp27-cp27m-win_amd64.whl", hash = "sha256:4f1026bc732b6a7f96369f7bfe1a4f2290fb34dce00d8644bc3036fb351a4ca1"},
    {file = "lxml-4.9.3-cp27-cp27mu-manylinux_2_5_i686.manylinux1_i686.whl", hash = "sha256:c0781a98ff5e6586926293e59480b64ddd46282953203c76ae15dbbbf302e8bb"},
    {file = "lxml-4.9.3-cp27-cp27mu-manylinux_2_5_x86_64.manylinux1_x86_64.whl", hash = "sha256:cef2502e7e8a96fe5ad686d60b49e1ab03e438bd9123987994528febd569868e"},
    {file = "lxml-4.9.3-cp310-cp310-macosx_11_0_x86_64.whl", hash = "sha256:b86164d2cff4d3aaa1f04a14685cbc072efd0b4f99ca5708b2ad1b9b5988a991"},
    {file = "lxml-4.9.3-cp310-cp310-manylinux_2_12_i686.manylinux2010_i686.manylinux_2_24_i686.whl", hash = "sha256:42871176e7896d5d45138f6d28751053c711ed4d48d8e30b498da155af39aebd"},
    {file = "lxml-4.9.3-cp310-cp310-manylinux_2_17_x86_64.manylinux2014_x86_64.manylinux_2_24_x86_64.whl", hash = "sha256:ae8b9c6deb1e634ba4f1930eb67ef6e6bf6a44b6eb5ad605642b2d6d5ed9ce3c"},
    {file = "lxml-4.9.3-cp310-cp310-manylinux_2_28_aarch64.whl", hash = "sha256:411007c0d88188d9f621b11d252cce90c4a2d1a49db6c068e3c16422f306eab8"},
    {file = "lxml-4.9.3-cp310-cp310-manylinux_2_28_x86_64.whl", hash = "sha256:cd47b4a0d41d2afa3e58e5bf1f62069255aa2fd6ff5ee41604418ca925911d76"},
    {file = "lxml-4.9.3-cp310-cp310-musllinux_1_1_aarch64.whl", hash = "sha256:0e2cb47860da1f7e9a5256254b74ae331687b9672dfa780eed355c4c9c3dbd23"},
    {file = "lxml-4.9.3-cp310-cp310-musllinux_1_1_x86_64.whl", hash = "sha256:1247694b26342a7bf47c02e513d32225ededd18045264d40758abeb3c838a51f"},
    {file = "lxml-4.9.3-cp310-cp310-win32.whl", hash = "sha256:cdb650fc86227eba20de1a29d4b2c1bfe139dc75a0669270033cb2ea3d391b85"},
    {file = "lxml-4.9.3-cp310-cp310-win_amd64.whl", hash = "sha256:97047f0d25cd4bcae81f9ec9dc290ca3e15927c192df17331b53bebe0e3ff96d"},
    {file = "lxml-4.9.3-cp311-cp311-macosx_11_0_universal2.whl", hash = "sha256:1f447ea5429b54f9582d4b955f5f1985f278ce5cf169f72eea8afd9502973dd5"},
    {file = "lxml-4.9.3-cp311-cp311-manylinux_2_12_i686.manylinux2010_i686.manylinux_2_24_i686.whl", hash = "sha256:57d6ba0ca2b0c462f339640d22882acc711de224d769edf29962b09f77129cbf"},
    {file = "lxml-4.9.3-cp311-cp311-manylinux_2_17_x86_64.manylinux2014_x86_64.manylinux_2_24_x86_64.whl", hash = "sha256:9767e79108424fb6c3edf8f81e6730666a50feb01a328f4a016464a5893f835a"},
    {file = "lxml-4.9.3-cp311-cp311-manylinux_2_28_aarch64.whl", hash = "sha256:71c52db65e4b56b8ddc5bb89fb2e66c558ed9d1a74a45ceb7dcb20c191c3df2f"},
    {file = "lxml-4.9.3-cp311-cp311-manylinux_2_28_x86_64.whl", hash = "sha256:d73d8ecf8ecf10a3bd007f2192725a34bd62898e8da27eb9d32a58084f93962b"},
    {file = "lxml-4.9.3-cp311-cp311-musllinux_1_1_aarch64.whl", hash = "sha256:0a3d3487f07c1d7f150894c238299934a2a074ef590b583103a45002035be120"},
    {file = "lxml-4.9.3-cp311-cp311-musllinux_1_1_x86_64.whl", hash = "sha256:9e28c51fa0ce5674be9f560c6761c1b441631901993f76700b1b30ca6c8378d6"},
    {file = "lxml-4.9.3-cp311-cp311-win32.whl", hash = "sha256:0bfd0767c5c1de2551a120673b72e5d4b628737cb05414f03c3277bf9bed3305"},
    {file = "lxml-4.9.3-cp311-cp311-win_amd64.whl", hash = "sha256:25f32acefac14ef7bd53e4218fe93b804ef6f6b92ffdb4322bb6d49d94cad2bc"},
    {file = "lxml-4.9.3-cp312-cp312-macosx_11_0_universal2.whl", hash = "sha256:d3ff32724f98fbbbfa9f49d82852b159e9784d6094983d9a8b7f2ddaebb063d4"},
    {file = "lxml-4.9.3-cp312-cp312-manylinux_2_28_aarch64.whl", hash = "sha256:48d6ed886b343d11493129e019da91d4039826794a3e3027321c56d9e71505be"},
    {file = "lxml-4.9.3-cp312-cp312-manylinux_2_28_x86_64.whl", hash = "sha256:9a92d3faef50658dd2c5470af249985782bf754c4e18e15afb67d3ab06233f13"},
    {file = "lxml-4.9.3-cp312-cp312-musllinux_1_1_aarch64.whl", hash = "sha256:b4e4bc18382088514ebde9328da057775055940a1f2e18f6ad2d78aa0f3ec5b9"},
    {file = "lxml-4.9.3-cp312-cp312-musllinux_1_1_x86_64.whl", hash = "sha256:fc9b106a1bf918db68619fdcd6d5ad4f972fdd19c01d19bdb6bf63f3589a9ec5"},
    {file = "lxml-4.9.3-cp312-cp312-win_amd64.whl", hash = "sha256:d37017287a7adb6ab77e1c5bee9bcf9660f90ff445042b790402a654d2ad81d8"},
    {file = "lxml-4.9.3-cp35-cp35m-manylinux_2_5_i686.manylinux1_i686.whl", hash = "sha256:56dc1f1ebccc656d1b3ed288f11e27172a01503fc016bcabdcbc0978b19352b7"},
    {file = "lxml-4.9.3-cp35-cp35m-manylinux_2_5_x86_64.manylinux1_x86_64.whl", hash = "sha256:578695735c5a3f51569810dfebd05dd6f888147a34f0f98d4bb27e92b76e05c2"},
    {file = "lxml-4.9.3-cp35-cp35m-win32.whl", hash = "sha256:704f61ba8c1283c71b16135caf697557f5ecf3e74d9e453233e4771d68a1f42d"},
    {file = "lxml-4.9.3-cp35-cp35m-win_amd64.whl", hash = "sha256:c41bfca0bd3532d53d16fd34d20806d5c2b1ace22a2f2e4c0008570bf2c58833"},
    {file = "lxml-4.9.3-cp36-cp36m-macosx_11_0_x86_64.whl", hash = "sha256:64f479d719dc9f4c813ad9bb6b28f8390360660b73b2e4beb4cb0ae7104f1c12"},
    {file = "lxml-4.9.3-cp36-cp36m-manylinux_2_12_i686.manylinux2010_i686.manylinux_2_24_i686.whl", hash = "sha256:dd708cf4ee4408cf46a48b108fb9427bfa00b9b85812a9262b5c668af2533ea5"},
    {file = "lxml-4.9.3-cp36-cp36m-manylinux_2_17_aarch64.manylinux2014_aarch64.whl", hash = "sha256:5c31c7462abdf8f2ac0577d9f05279727e698f97ecbb02f17939ea99ae8daa98"},
    {file = "lxml-4.9.3-cp36-cp36m-manylinux_2_17_x86_64.manylinux2014_x86_64.manylinux_2_24_x86_64.whl", hash = "sha256:e3cd95e10c2610c360154afdc2f1480aea394f4a4f1ea0a5eacce49640c9b190"},
    {file = "lxml-4.9.3-cp36-cp36m-manylinux_2_28_x86_64.whl", hash = "sha256:4930be26af26ac545c3dffb662521d4e6268352866956672231887d18f0eaab2"},
    {file = "lxml-4.9.3-cp36-cp36m-manylinux_2_5_i686.manylinux1_i686.whl", hash = "sha256:4aec80cde9197340bc353d2768e2a75f5f60bacda2bab72ab1dc499589b3878c"},
    {file = "lxml-4.9.3-cp36-cp36m-manylinux_2_5_x86_64.manylinux1_x86_64.whl", hash = "sha256:14e019fd83b831b2e61baed40cab76222139926b1fb5ed0e79225bc0cae14584"},
    {file = "lxml-4.9.3-cp36-cp36m-musllinux_1_1_aarch64.whl", hash = "sha256:0c0850c8b02c298d3c7006b23e98249515ac57430e16a166873fc47a5d549287"},
    {file = "lxml-4.9.3-cp36-cp36m-musllinux_1_1_x86_64.whl", hash = "sha256:aca086dc5f9ef98c512bac8efea4483eb84abbf926eaeedf7b91479feb092458"},
    {file = "lxml-4.9.3-cp36-cp36m-win32.whl", hash = "sha256:50baa9c1c47efcaef189f31e3d00d697c6d4afda5c3cde0302d063492ff9b477"},
    {file = "lxml-4.9.3-cp36-cp36m-win_amd64.whl", hash = "sha256:bef4e656f7d98aaa3486d2627e7d2df1157d7e88e7efd43a65aa5dd4714916cf"},
    {file = "lxml-4.9.3-cp37-cp37m-manylinux_2_12_i686.manylinux2010_i686.manylinux_2_24_i686.whl", hash = "sha256:46f409a2d60f634fe550f7133ed30ad5321ae2e6630f13657fb9479506b00601"},
    {file = "lxml-4.9.3-cp37-cp37m-manylinux_2_17_aarch64.manylinux2014_aarch64.manylinux_2_24_aarch64.whl", hash = "sha256:4c28a9144688aef80d6ea666c809b4b0e50010a2aca784c97f5e6bf143d9f129"},
    {file = "lxml-4.9.3-cp37-cp37m-manylinux_2_17_x86_64.manylinux2014_x86_64.manylinux_2_24_x86_64.whl", hash = "sha256:141f1d1a9b663c679dc524af3ea1773e618907e96075262726c7612c02b149a4"},
    {file = "lxml-4.9.3-cp37-cp37m-manylinux_2_28_x86_64.whl", hash = "sha256:53ace1c1fd5a74ef662f844a0413446c0629d151055340e9893da958a374f70d"},
    {file = "lxml-4.9.3-cp37-cp37m-manylinux_2_5_i686.manylinux1_i686.whl", hash = "sha256:17a753023436a18e27dd7769e798ce302963c236bc4114ceee5b25c18c52c693"},
    {file = "lxml-4.9.3-cp37-cp37m-manylinux_2_5_x86_64.manylinux1_x86_64.whl", hash = "sha256:7d298a1bd60c067ea75d9f684f5f3992c9d6766fadbc0bcedd39750bf344c2f4"},
    {file = "lxml-4.9.3-cp37-cp37m-musllinux_1_1_aarch64.whl", hash = "sha256:081d32421db5df44c41b7f08a334a090a545c54ba977e47fd7cc2deece78809a"},
    {file = "lxml-4.9.3-cp37-cp37m-musllinux_1_1_x86_64.whl", hash = "sha256:23eed6d7b1a3336ad92d8e39d4bfe09073c31bfe502f20ca5116b2a334f8ec02"},
    {file = "lxml-4.9.3-cp37-cp37m-win32.whl", hash = "sha256:1509dd12b773c02acd154582088820893109f6ca27ef7291b003d0e81666109f"},
    {file = "lxml-4.9.3-cp37-cp37m-win_amd64.whl", hash = "sha256:120fa9349a24c7043854c53cae8cec227e1f79195a7493e09e0c12e29f918e52"},
    {file = "lxml-4.9.3-cp38-cp38-manylinux_2_12_i686.manylinux2010_i686.manylinux_2_24_i686.whl", hash = "sha256:4d2d1edbca80b510443f51afd8496be95529db04a509bc8faee49c7b0fb6d2cc"},
    {file = "lxml-4.9.3-cp38-cp38-manylinux_2_17_aarch64.manylinux2014_aarch64.manylinux_2_24_aarch64.whl", hash = "sha256:8d7e43bd40f65f7d97ad8ef5c9b1778943d02f04febef12def25f7583d19baac"},
    {file = "lxml-4.9.3-cp38-cp38-manylinux_2_17_x86_64.manylinux2014_x86_64.manylinux_2_24_x86_64.whl", hash = "sha256:71d66ee82e7417828af6ecd7db817913cb0cf9d4e61aa0ac1fde0583d84358db"},
    {file = "lxml-4.9.3-cp38-cp38-manylinux_2_28_x86_64.whl", hash = "sha256:6fc3c450eaa0b56f815c7b62f2b7fba7266c4779adcf1cece9e6deb1de7305ce"},
    {file = "lxml-4.9.3-cp38-cp38-manylinux_2_5_i686.manylinux1_i686.whl", hash = "sha256:65299ea57d82fb91c7f019300d24050c4ddeb7c5a190e076b5f48a2b43d19c42"},
    {file = "lxml-4.9.3-cp38-cp38-manylinux_2_5_x86_64.manylinux1_x86_64.whl", hash = "sha256:eadfbbbfb41b44034a4c757fd5d70baccd43296fb894dba0295606a7cf3124aa"},
    {file = "lxml-4.9.3-cp38-cp38-musllinux_1_1_aarch64.whl", hash = "sha256:3e9bdd30efde2b9ccfa9cb5768ba04fe71b018a25ea093379c857c9dad262c40"},
    {file = "lxml-4.9.3-cp38-cp38-musllinux_1_1_x86_64.whl", hash = "sha256:fcdd00edfd0a3001e0181eab3e63bd5c74ad3e67152c84f93f13769a40e073a7"},
    {file = "lxml-4.9.3-cp38-cp38-win32.whl", hash = "sha256:57aba1bbdf450b726d58b2aea5fe47c7875f5afb2c4a23784ed78f19a0462574"},
    {file = "lxml-4.9.3-cp38-cp38-win_amd64.whl", hash = "sha256:92af161ecbdb2883c4593d5ed4815ea71b31fafd7fd05789b23100d081ecac96"},
    {file = "lxml-4.9.3-cp39-cp39-macosx_11_0_x86_64.whl", hash = "sha256:9bb6ad405121241e99a86efff22d3ef469024ce22875a7ae045896ad23ba2340"},
    {file = "lxml-4.9.3-cp39-cp39-manylinux_2_12_i686.manylinux2010_i686.manylinux_2_24_i686.whl", hash = "sha256:8ed74706b26ad100433da4b9d807eae371efaa266ffc3e9191ea436087a9d6a7"},
    {file = "lxml-4.9.3-cp39-cp39-manylinux_2_17_x86_64.manylinux2014_x86_64.manylinux_2_24_x86_64.whl", hash = "sha256:fbf521479bcac1e25a663df882c46a641a9bff6b56dc8b0fafaebd2f66fb231b"},
    {file = "lxml-4.9.3-cp39-cp39-manylinux_2_28_aarch64.whl", hash = "sha256:303bf1edce6ced16bf67a18a1cf8339d0db79577eec5d9a6d4a80f0fb10aa2da"},
    {file = "lxml-4.9.3-cp39-cp39-manylinux_2_28_x86_64.whl", hash = "sha256:5515edd2a6d1a5a70bfcdee23b42ec33425e405c5b351478ab7dc9347228f96e"},
    {file = "lxml-4.9.3-cp39-cp39-manylinux_2_5_i686.manylinux1_i686.whl", hash = "sha256:690dafd0b187ed38583a648076865d8c229661ed20e48f2335d68e2cf7dc829d"},
    {file = "lxml-4.9.3-cp39-cp39-manylinux_2_5_x86_64.manylinux1_x86_64.whl", hash = "sha256:b6420a005548ad52154c8ceab4a1290ff78d757f9e5cbc68f8c77089acd3c432"},
    {file = "lxml-4.9.3-cp39-cp39-musllinux_1_1_aarch64.whl", hash = "sha256:bb3bb49c7a6ad9d981d734ef7c7193bc349ac338776a0360cc671eaee89bcf69"},
    {file = "lxml-4.9.3-cp39-cp39-musllinux_1_1_x86_64.whl", hash = "sha256:d27be7405547d1f958b60837dc4c1007da90b8b23f54ba1f8b728c78fdb19d50"},
    {file = "lxml-4.9.3-cp39-cp39-win32.whl", hash = "sha256:8df133a2ea5e74eef5e8fc6f19b9e085f758768a16e9877a60aec455ed2609b2"},
    {file = "lxml-4.9.3-cp39-cp39-win_amd64.whl", hash = "sha256:4dd9a263e845a72eacb60d12401e37c616438ea2e5442885f65082c276dfb2b2"},
    {file = "lxml-4.9.3-pp310-pypy310_pp73-manylinux_2_28_x86_64.whl", hash = "sha256:6689a3d7fd13dc687e9102a27e98ef33730ac4fe37795d5036d18b4d527abd35"},
    {file = "lxml-4.9.3-pp37-pypy37_pp73-manylinux_2_12_i686.manylinux2010_i686.manylinux_2_24_i686.whl", hash = "sha256:f6bdac493b949141b733c5345b6ba8f87a226029cbabc7e9e121a413e49441e0"},
    {file = "lxml-4.9.3-pp37-pypy37_pp73-manylinux_2_17_x86_64.manylinux2014_x86_64.manylinux_2_24_x86_64.whl", hash = "sha256:05186a0f1346ae12553d66df1cfce6f251589fea3ad3da4f3ef4e34b2d58c6a3"},
    {file = "lxml-4.9.3-pp37-pypy37_pp73-manylinux_2_28_x86_64.whl", hash = "sha256:c2006f5c8d28dee289f7020f721354362fa304acbaaf9745751ac4006650254b"},
    {file = "lxml-4.9.3-pp38-pypy38_pp73-macosx_11_0_x86_64.whl", hash = "sha256:5c245b783db29c4e4fbbbfc9c5a78be496c9fea25517f90606aa1f6b2b3d5f7b"},
    {file = "lxml-4.9.3-pp38-pypy38_pp73-manylinux_2_12_i686.manylinux2010_i686.manylinux_2_24_i686.whl", hash = "sha256:4fb960a632a49f2f089d522f70496640fdf1218f1243889da3822e0a9f5f3ba7"},
    {file = "lxml-4.9.3-pp38-pypy38_pp73-manylinux_2_17_x86_64.manylinux2014_x86_64.manylinux_2_24_x86_64.whl", hash = "sha256:50670615eaf97227d5dc60de2dc99fb134a7130d310d783314e7724bf163f75d"},
    {file = "lxml-4.9.3-pp38-pypy38_pp73-manylinux_2_28_x86_64.whl", hash = "sha256:9719fe17307a9e814580af1f5c6e05ca593b12fb7e44fe62450a5384dbf61b4b"},
    {file = "lxml-4.9.3-pp38-pypy38_pp73-win_amd64.whl", hash = "sha256:3331bece23c9ee066e0fb3f96c61322b9e0f54d775fccefff4c38ca488de283a"},
    {file = "lxml-4.9.3-pp39-pypy39_pp73-macosx_11_0_x86_64.whl", hash = "sha256:ed667f49b11360951e201453fc3967344d0d0263aa415e1619e85ae7fd17b4e0"},
    {file = "lxml-4.9.3-pp39-pypy39_pp73-manylinux_2_12_i686.manylinux2010_i686.manylinux_2_24_i686.whl", hash = "sha256:8b77946fd508cbf0fccd8e400a7f71d4ac0e1595812e66025bac475a8e811694"},
    {file = "lxml-4.9.3-pp39-pypy39_pp73-manylinux_2_17_x86_64.manylinux2014_x86_64.manylinux_2_24_x86_64.whl", hash = "sha256:e4da8ca0c0c0aea88fd46be8e44bd49716772358d648cce45fe387f7b92374a7"},
    {file = "lxml-4.9.3-pp39-pypy39_pp73-manylinux_2_28_x86_64.whl", hash = "sha256:fe4bda6bd4340caa6e5cf95e73f8fea5c4bfc55763dd42f1b50a94c1b4a2fbd4"},
    {file = "lxml-4.9.3-pp39-pypy39_pp73-win_amd64.whl", hash = "sha256:f3df3db1d336b9356dd3112eae5f5c2b8b377f3bc826848567f10bfddfee77e9"},
    {file = "lxml-4.9.3.tar.gz", hash = "sha256:48628bd53a426c9eb9bc066a923acaa0878d1e86129fd5359aee99285f4eed9c"},
]

[package.extras]
cssselect = ["cssselect (>=0.7)"]
html5 = ["html5lib"]
htmlsoup = ["BeautifulSoup4"]
source = ["Cython (>=0.29.35)"]

[[package]]
name = "markdown"
version = "3.4.4"
description = "Python implementation of John Gruber's Markdown."
optional = false
python-versions = ">=3.7"
files = [
    {file = "Markdown-3.4.4-py3-none-any.whl", hash = "sha256:a4c1b65c0957b4bd9e7d86ddc7b3c9868fb9670660f6f99f6d1bca8954d5a941"},
    {file = "Markdown-3.4.4.tar.gz", hash = "sha256:225c6123522495d4119a90b3a3ba31a1e87a70369e03f14799ea9c0d7183a3d6"},
]

[package.extras]
docs = ["mdx-gh-links (>=0.2)", "mkdocs (>=1.0)", "mkdocs-nature (>=0.4)"]
testing = ["coverage", "pyyaml"]

[[package]]
name = "mccabe"
version = "0.7.0"
description = "McCabe checker, plugin for flake8"
optional = false
python-versions = ">=3.6"
files = [
    {file = "mccabe-0.7.0-py2.py3-none-any.whl", hash = "sha256:6c2d30ab6be0e4a46919781807b4f0d834ebdd6c6e3dca0bda5a15f863427b6e"},
    {file = "mccabe-0.7.0.tar.gz", hash = "sha256:348e0240c33b60bbdf4e523192ef919f28cb2c3d7d5c7794f74009290f236325"},
]

[[package]]
name = "prompt-toolkit"
version = "3.0.39"
description = "Library for building powerful interactive command lines in Python"
optional = false
python-versions = ">=3.7.0"
files = [
    {file = "prompt_toolkit-3.0.39-py3-none-any.whl", hash = "sha256:9dffbe1d8acf91e3de75f3b544e4842382fc06c6babe903ac9acb74dc6e08d88"},
    {file = "prompt_toolkit-3.0.39.tar.gz", hash = "sha256:04505ade687dc26dc4284b1ad19a83be2f2afe83e7a828ace0c72f3a1df72aac"},
]

[package.dependencies]
wcwidth = "*"

[[package]]
name = "psycopg2-binary"
version = "2.9.7"
description = "psycopg2 - Python-PostgreSQL Database Adapter"
optional = false
python-versions = ">=3.6"
files = [
    {file = "psycopg2-binary-2.9.7.tar.gz", hash = "sha256:1b918f64a51ffe19cd2e230b3240ba481330ce1d4b7875ae67305bd1d37b041c"},
    {file = "psycopg2_binary-2.9.7-cp310-cp310-macosx_10_9_x86_64.whl", hash = "sha256:ea5f8ee87f1eddc818fc04649d952c526db4426d26bab16efbe5a0c52b27d6ab"},
    {file = "psycopg2_binary-2.9.7-cp310-cp310-macosx_11_0_arm64.whl", hash = "sha256:2993ccb2b7e80844d534e55e0f12534c2871952f78e0da33c35e648bf002bbff"},
    {file = "psycopg2_binary-2.9.7-cp310-cp310-manylinux_2_17_aarch64.manylinux2014_aarch64.whl", hash = "sha256:dbbc3c5d15ed76b0d9db7753c0db40899136ecfe97d50cbde918f630c5eb857a"},
    {file = "psycopg2_binary-2.9.7-cp310-cp310-manylinux_2_17_i686.manylinux2014_i686.whl", hash = "sha256:692df8763b71d42eb8343f54091368f6f6c9cfc56dc391858cdb3c3ef1e3e584"},
    {file = "psycopg2_binary-2.9.7-cp310-cp310-manylinux_2_17_ppc64le.manylinux2014_ppc64le.whl", hash = "sha256:9dcfd5d37e027ec393a303cc0a216be564b96c80ba532f3d1e0d2b5e5e4b1e6e"},
    {file = "psycopg2_binary-2.9.7-cp310-cp310-manylinux_2_17_x86_64.manylinux2014_x86_64.whl", hash = "sha256:17cc17a70dfb295a240db7f65b6d8153c3d81efb145d76da1e4a096e9c5c0e63"},
    {file = "psycopg2_binary-2.9.7-cp310-cp310-musllinux_1_1_aarch64.whl", hash = "sha256:e5666632ba2b0d9757b38fc17337d84bdf932d38563c5234f5f8c54fd01349c9"},
    {file = "psycopg2_binary-2.9.7-cp310-cp310-musllinux_1_1_i686.whl", hash = "sha256:7db7b9b701974c96a88997d458b38ccb110eba8f805d4b4f74944aac48639b42"},
    {file = "psycopg2_binary-2.9.7-cp310-cp310-musllinux_1_1_ppc64le.whl", hash = "sha256:c82986635a16fb1fa15cd5436035c88bc65c3d5ced1cfaac7f357ee9e9deddd4"},
    {file = "psycopg2_binary-2.9.7-cp310-cp310-musllinux_1_1_x86_64.whl", hash = "sha256:4fe13712357d802080cfccbf8c6266a3121dc0e27e2144819029095ccf708372"},
    {file = "psycopg2_binary-2.9.7-cp310-cp310-win32.whl", hash = "sha256:122641b7fab18ef76b18860dd0c772290566b6fb30cc08e923ad73d17461dc63"},
    {file = "psycopg2_binary-2.9.7-cp310-cp310-win_amd64.whl", hash = "sha256:f8651cf1f144f9ee0fa7d1a1df61a9184ab72962531ca99f077bbdcba3947c58"},
    {file = "psycopg2_binary-2.9.7-cp311-cp311-macosx_10_9_x86_64.whl", hash = "sha256:4ecc15666f16f97709106d87284c136cdc82647e1c3f8392a672616aed3c7151"},
    {file = "psycopg2_binary-2.9.7-cp311-cp311-macosx_11_0_arm64.whl", hash = "sha256:3fbb1184c7e9d28d67671992970718c05af5f77fc88e26fd7136613c4ece1f89"},
    {file = "psycopg2_binary-2.9.7-cp311-cp311-manylinux_2_17_aarch64.manylinux2014_aarch64.whl", hash = "sha256:8a7968fd20bd550431837656872c19575b687f3f6f98120046228e451e4064df"},
    {file = "psycopg2_binary-2.9.7-cp311-cp311-manylinux_2_17_i686.manylinux2014_i686.whl", hash = "sha256:094af2e77a1976efd4956a031028774b827029729725e136514aae3cdf49b87b"},
    {file = "psycopg2_binary-2.9.7-cp311-cp311-manylinux_2_17_ppc64le.manylinux2014_ppc64le.whl", hash = "sha256:26484e913d472ecb6b45937ea55ce29c57c662066d222fb0fbdc1fab457f18c5"},
    {file = "psycopg2_binary-2.9.7-cp311-cp311-manylinux_2_17_x86_64.manylinux2014_x86_64.whl", hash = "sha256:8f309b77a7c716e6ed9891b9b42953c3ff7d533dc548c1e33fddc73d2f5e21f9"},
    {file = "psycopg2_binary-2.9.7-cp311-cp311-musllinux_1_1_aarch64.whl", hash = "sha256:6d92e139ca388ccfe8c04aacc163756e55ba4c623c6ba13d5d1595ed97523e4b"},
    {file = "psycopg2_binary-2.9.7-cp311-cp311-musllinux_1_1_i686.whl", hash = "sha256:2df562bb2e4e00ee064779902d721223cfa9f8f58e7e52318c97d139cf7f012d"},
    {file = "psycopg2_binary-2.9.7-cp311-cp311-musllinux_1_1_ppc64le.whl", hash = "sha256:4eec5d36dbcfc076caab61a2114c12094c0b7027d57e9e4387b634e8ab36fd44"},
    {file = "psycopg2_binary-2.9.7-cp311-cp311-musllinux_1_1_x86_64.whl", hash = "sha256:1011eeb0c51e5b9ea1016f0f45fa23aca63966a4c0afcf0340ccabe85a9f65bd"},
    {file = "psycopg2_binary-2.9.7-cp311-cp311-win32.whl", hash = "sha256:ded8e15f7550db9e75c60b3d9fcbc7737fea258a0f10032cdb7edc26c2a671fd"},
    {file = "psycopg2_binary-2.9.7-cp311-cp311-win_amd64.whl", hash = "sha256:8a136c8aaf6615653450817a7abe0fc01e4ea720ae41dfb2823eccae4b9062a3"},
    {file = "psycopg2_binary-2.9.7-cp37-cp37m-macosx_10_9_x86_64.whl", hash = "sha256:2dec5a75a3a5d42b120e88e6ed3e3b37b46459202bb8e36cd67591b6e5feebc1"},
    {file = "psycopg2_binary-2.9.7-cp37-cp37m-manylinux_2_17_aarch64.manylinux2014_aarch64.whl", hash = "sha256:fc10da7e7df3380426521e8c1ed975d22df678639da2ed0ec3244c3dc2ab54c8"},
    {file = "psycopg2_binary-2.9.7-cp37-cp37m-manylinux_2_17_i686.manylinux2014_i686.whl", hash = "sha256:ee919b676da28f78f91b464fb3e12238bd7474483352a59c8a16c39dfc59f0c5"},
    {file = "psycopg2_binary-2.9.7-cp37-cp37m-manylinux_2_17_ppc64le.manylinux2014_ppc64le.whl", hash = "sha256:eb1c0e682138f9067a58fc3c9a9bf1c83d8e08cfbee380d858e63196466d5c86"},
    {file = "psycopg2_binary-2.9.7-cp37-cp37m-manylinux_2_17_x86_64.manylinux2014_x86_64.whl", hash = "sha256:00d8db270afb76f48a499f7bb8fa70297e66da67288471ca873db88382850bf4"},
    {file = "psycopg2_binary-2.9.7-cp37-cp37m-musllinux_1_1_aarch64.whl", hash = "sha256:9b0c2b466b2f4d89ccc33784c4ebb1627989bd84a39b79092e560e937a11d4ac"},
    {file = "psycopg2_binary-2.9.7-cp37-cp37m-musllinux_1_1_i686.whl", hash = "sha256:51d1b42d44f4ffb93188f9b39e6d1c82aa758fdb8d9de65e1ddfe7a7d250d7ad"},
    {file = "psycopg2_binary-2.9.7-cp37-cp37m-musllinux_1_1_ppc64le.whl", hash = "sha256:11abdbfc6f7f7dea4a524b5f4117369b0d757725798f1593796be6ece20266cb"},
    {file = "psycopg2_binary-2.9.7-cp37-cp37m-musllinux_1_1_x86_64.whl", hash = "sha256:f02f4a72cc3ab2565c6d9720f0343cb840fb2dc01a2e9ecb8bc58ccf95dc5c06"},
    {file = "psycopg2_binary-2.9.7-cp37-cp37m-win32.whl", hash = "sha256:81d5dd2dd9ab78d31a451e357315f201d976c131ca7d43870a0e8063b6b7a1ec"},
    {file = "psycopg2_binary-2.9.7-cp37-cp37m-win_amd64.whl", hash = "sha256:62cb6de84d7767164a87ca97e22e5e0a134856ebcb08f21b621c6125baf61f16"},
    {file = "psycopg2_binary-2.9.7-cp38-cp38-macosx_10_9_x86_64.whl", hash = "sha256:59f7e9109a59dfa31efa022e94a244736ae401526682de504e87bd11ce870c22"},
    {file = "psycopg2_binary-2.9.7-cp38-cp38-macosx_11_0_arm64.whl", hash = "sha256:95a7a747bdc3b010bb6a980f053233e7610276d55f3ca506afff4ad7749ab58a"},
    {file = "psycopg2_binary-2.9.7-cp38-cp38-manylinux_2_17_aarch64.manylinux2014_aarch64.whl", hash = "sha256:8c721ee464e45ecf609ff8c0a555018764974114f671815a0a7152aedb9f3343"},
    {file = "psycopg2_binary-2.9.7-cp38-cp38-manylinux_2_17_i686.manylinux2014_i686.whl", hash = "sha256:f4f37bbc6588d402980ffbd1f3338c871368fb4b1cfa091debe13c68bb3852b3"},
    {file = "psycopg2_binary-2.9.7-cp38-cp38-manylinux_2_17_ppc64le.manylinux2014_ppc64le.whl", hash = "sha256:ac83ab05e25354dad798401babaa6daa9577462136ba215694865394840e31f8"},
    {file = "psycopg2_binary-2.9.7-cp38-cp38-manylinux_2_17_x86_64.manylinux2014_x86_64.whl", hash = "sha256:024eaeb2a08c9a65cd5f94b31ace1ee3bb3f978cd4d079406aef85169ba01f08"},
    {file = "psycopg2_binary-2.9.7-cp38-cp38-musllinux_1_1_aarch64.whl", hash = "sha256:1c31c2606ac500dbd26381145684d87730a2fac9a62ebcfbaa2b119f8d6c19f4"},
    {file = "psycopg2_binary-2.9.7-cp38-cp38-musllinux_1_1_i686.whl", hash = "sha256:42a62ef0e5abb55bf6ffb050eb2b0fcd767261fa3faf943a4267539168807522"},
    {file = "psycopg2_binary-2.9.7-cp38-cp38-musllinux_1_1_ppc64le.whl", hash = "sha256:7952807f95c8eba6a8ccb14e00bf170bb700cafcec3924d565235dffc7dc4ae8"},
    {file = "psycopg2_binary-2.9.7-cp38-cp38-musllinux_1_1_x86_64.whl", hash = "sha256:e02bc4f2966475a7393bd0f098e1165d470d3fa816264054359ed4f10f6914ea"},
    {file = "psycopg2_binary-2.9.7-cp38-cp38-win32.whl", hash = "sha256:fdca0511458d26cf39b827a663d7d87db6f32b93efc22442a742035728603d5f"},
    {file = "psycopg2_binary-2.9.7-cp38-cp38-win_amd64.whl", hash = "sha256:d0b16e5bb0ab78583f0ed7ab16378a0f8a89a27256bb5560402749dbe8a164d7"},
    {file = "psycopg2_binary-2.9.7-cp39-cp39-macosx_10_9_x86_64.whl", hash = "sha256:6822c9c63308d650db201ba22fe6648bd6786ca6d14fdaf273b17e15608d0852"},
    {file = "psycopg2_binary-2.9.7-cp39-cp39-macosx_11_0_arm64.whl", hash = "sha256:8f94cb12150d57ea433e3e02aabd072205648e86f1d5a0a692d60242f7809b15"},
    {file = "psycopg2_binary-2.9.7-cp39-cp39-manylinux_2_17_aarch64.manylinux2014_aarch64.whl", hash = "sha256:a5ee89587696d808c9a00876065d725d4ae606f5f7853b961cdbc348b0f7c9a1"},
    {file = "psycopg2_binary-2.9.7-cp39-cp39-manylinux_2_17_i686.manylinux2014_i686.whl", hash = "sha256:ad5ec10b53cbb57e9a2e77b67e4e4368df56b54d6b00cc86398578f1c635f329"},
    {file = "psycopg2_binary-2.9.7-cp39-cp39-manylinux_2_17_ppc64le.manylinux2014_ppc64le.whl", hash = "sha256:642df77484b2dcaf87d4237792246d8068653f9e0f5c025e2c692fc56b0dda70"},
    {file = "psycopg2_binary-2.9.7-cp39-cp39-manylinux_2_17_x86_64.manylinux2014_x86_64.whl", hash = "sha256:a6a8b575ac45af1eaccbbcdcf710ab984fd50af048fe130672377f78aaff6fc1"},
    {file = "psycopg2_binary-2.9.7-cp39-cp39-musllinux_1_1_aarch64.whl", hash = "sha256:f955aa50d7d5220fcb6e38f69ea126eafecd812d96aeed5d5f3597f33fad43bb"},
    {file = "psycopg2_binary-2.9.7-cp39-cp39-musllinux_1_1_i686.whl", hash = "sha256:ad26d4eeaa0d722b25814cce97335ecf1b707630258f14ac4d2ed3d1d8415265"},
    {file = "psycopg2_binary-2.9.7-cp39-cp39-musllinux_1_1_ppc64le.whl", hash = "sha256:ced63c054bdaf0298f62681d5dcae3afe60cbae332390bfb1acf0e23dcd25fc8"},
    {file = "psycopg2_binary-2.9.7-cp39-cp39-musllinux_1_1_x86_64.whl", hash = "sha256:2b04da24cbde33292ad34a40db9832a80ad12de26486ffeda883413c9e1b1d5e"},
    {file = "psycopg2_binary-2.9.7-cp39-cp39-win32.whl", hash = "sha256:18f12632ab516c47c1ac4841a78fddea6508a8284c7cf0f292cb1a523f2e2379"},
    {file = "psycopg2_binary-2.9.7-cp39-cp39-win_amd64.whl", hash = "sha256:eb3b8d55924a6058a26db69fb1d3e7e32695ff8b491835ba9f479537e14dcf9f"},
]

[[package]]
name = "pycodestyle"
version = "2.11.0"
description = "Python style guide checker"
optional = false
python-versions = ">=3.8"
files = [
    {file = "pycodestyle-2.11.0-py2.py3-none-any.whl", hash = "sha256:5d1013ba8dc7895b548be5afb05740ca82454fd899971563d2ef625d090326f8"},
    {file = "pycodestyle-2.11.0.tar.gz", hash = "sha256:259bcc17857d8a8b3b4a2327324b79e5f020a13c16074670f9c8c8f872ea76d0"},
]

[[package]]
name = "pyflakes"
version = "3.1.0"
description = "passive checker of Python programs"
optional = false
python-versions = ">=3.8"
files = [
    {file = "pyflakes-3.1.0-py2.py3-none-any.whl", hash = "sha256:4132f6d49cb4dae6819e5379898f2b8cce3c5f23994194c24b77d5da2e36f774"},
    {file = "pyflakes-3.1.0.tar.gz", hash = "sha256:a0aae034c444db0071aa077972ba4768d40c830d9539fd45bf4cd3f8f6992efc"},
]

[[package]]
name = "pygments"
version = "2.16.1"
description = "Pygments is a syntax highlighting package written in Python."
optional = false
python-versions = ">=3.7"
files = [
    {file = "Pygments-2.16.1-py3-none-any.whl", hash = "sha256:13fc09fa63bc8d8671a6d247e1eb303c4b343eaee81d861f3404db2935653692"},
    {file = "Pygments-2.16.1.tar.gz", hash = "sha256:1daff0494820c69bc8941e407aa20f577374ee88364ee10a98fdbe0aece96e29"},
]

[package.extras]
plugins = ["importlib-metadata"]

[[package]]
name = "pyquery"
version = "2.0.0"
description = "A jquery-like library for python"
optional = false
python-versions = "*"
files = [
    {file = "pyquery-2.0.0-py3-none-any.whl", hash = "sha256:8dfc9b4b7c5f877d619bbae74b1898d5743f6ca248cfd5d72b504dd614da312f"},
    {file = "pyquery-2.0.0.tar.gz", hash = "sha256:963e8d4e90262ff6d8dec072ea97285dc374a2f69cad7776f4082abcf6a1d8ae"},
]

[package.dependencies]
cssselect = ">=1.2.0"
lxml = ">=2.1"

[package.extras]
test = ["pytest", "pytest-cov", "requests", "webob", "webtest"]

[[package]]
name = "python-crontab"
version = "3.0.0"
description = "Python Crontab API"
optional = false
python-versions = "*"
files = [
    {file = "python-crontab-3.0.0.tar.gz", hash = "sha256:79fb7465039ddfd4fb93d072d6ee0d45c1ac8bf1597f0686ea14fd4361dba379"},
    {file = "python_crontab-3.0.0-py3-none-any.whl", hash = "sha256:6d5ba3c190ec76e4d252989a1644fcb233dbf53fbc8fceeb9febe1657b9fb1d4"},
]

[package.dependencies]
python-dateutil = "*"

[package.extras]
cron-description = ["cron-descriptor"]
cron-schedule = ["croniter"]

[[package]]
name = "python-dateutil"
version = "2.8.2"
description = "Extensions to the standard Python datetime module"
optional = false
python-versions = "!=3.0.*,!=3.1.*,!=3.2.*,>=2.7"
files = [
    {file = "python-dateutil-2.8.2.tar.gz", hash = "sha256:0123cacc1627ae19ddf3c27a5de5bd67ee4586fbdd6440d9748f8abb483d3e86"},
    {file = "python_dateutil-2.8.2-py2.py3-none-any.whl", hash = "sha256:961d03dc3453ebbc59dbdea9e4e11c5651520a876d0f4db161e8674aae935da9"},
]

[package.dependencies]
six = ">=1.5"

[[package]]
name = "python-dotenv"
version = "1.0.0"
description = "Read key-value pairs from a .env file and set them as environment variables"
optional = false
python-versions = ">=3.8"
files = [
    {file = "python-dotenv-1.0.0.tar.gz", hash = "sha256:a8df96034aae6d2d50a4ebe8216326c61c3eb64836776504fcca410e5937a3ba"},
    {file = "python_dotenv-1.0.0-py3-none-any.whl", hash = "sha256:f5971a9226b701070a4bf2c38c89e5a3f0d64de8debda981d1db98583009122a"},
]

[package.extras]
cli = ["click (>=5.0)"]

[[package]]
name = "pytz"
version = "2023.3"
description = "World timezone definitions, modern and historical"
optional = false
python-versions = "*"
files = [
    {file = "pytz-2023.3-py2.py3-none-any.whl", hash = "sha256:a151b3abb88eda1d4e34a9814df37de2a80e301e68ba0fd856fb9b46bfbbbffb"},
    {file = "pytz-2023.3.tar.gz", hash = "sha256:1d8ce29db189191fb55338ee6d0387d82ab59f3d00eac103412d64e0ebd0c588"},
]

[[package]]
name = "redis"
version = "4.6.0"
description = "Python client for Redis database and key-value store"
optional = false
python-versions = ">=3.7"
files = [
    {file = "redis-4.6.0-py3-none-any.whl", hash = "sha256:e2b03db868160ee4591de3cb90d40ebb50a90dd302138775937f6a42b7ed183c"},
    {file = "redis-4.6.0.tar.gz", hash = "sha256:585dc516b9eb042a619ef0a39c3d7d55fe81bdb4df09a52c9cdde0d07bf1aa7d"},
]

[package.dependencies]
async-timeout = {version = ">=4.0.2", markers = "python_full_version <= \"3.11.2\""}

[package.extras]
hiredis = ["hiredis (>=1.0.0)"]
ocsp = ["cryptography (>=36.0.1)", "pyopenssl (==20.0.1)", "requests (>=2.26.0)"]

[[package]]
name = "six"
version = "1.16.0"
description = "Python 2 and 3 compatibility utilities"
optional = false
python-versions = ">=2.7, !=3.0.*, !=3.1.*, !=3.2.*"
files = [
    {file = "six-1.16.0-py2.py3-none-any.whl", hash = "sha256:8abb2f1d86890a2dfb989f9a77cfcfd3e47c2a354b01111771326f8aa26e0254"},
    {file = "six-1.16.0.tar.gz", hash = "sha256:1e61c37477a1626458e36f7b1d82aa5c9b094fa4802892072e49de9c60c4c926"},
]

[[package]]
name = "sqlparse"
version = "0.4.4"
description = "A non-validating SQL parser."
optional = false
python-versions = ">=3.5"
files = [
    {file = "sqlparse-0.4.4-py3-none-any.whl", hash = "sha256:5430a4fe2ac7d0f93e66f1efc6e1338a41884b7ddf2a350cedd20ccc4d9d28f3"},
    {file = "sqlparse-0.4.4.tar.gz", hash = "sha256:d446183e84b8349fa3061f0fe7f06ca94ba65b426946ffebe6e3e8295332420c"},
]

[package.extras]
dev = ["build", "flake8"]
doc = ["sphinx"]
test = ["pytest", "pytest-cov"]

[[package]]
name = "tzdata"
version = "2023.3"
description = "Provider of IANA time zone data"
optional = false
python-versions = ">=2"
files = [
    {file = "tzdata-2023.3-py2.py3-none-any.whl", hash = "sha256:7e65763eef3120314099b6939b5546db7adce1e7d6f2e179e3df563c70511eda"},
    {file = "tzdata-2023.3.tar.gz", hash = "sha256:11ef1e08e54acb0d4f95bdb1be05da659673de4acbd21bf9c69e94cc5e907a3a"},
]

[[package]]
name = "vine"
version = "5.0.0"
description = "Promises, promises, promises."
optional = false
python-versions = ">=3.6"
files = [
    {file = "vine-5.0.0-py2.py3-none-any.whl", hash = "sha256:4c9dceab6f76ed92105027c49c823800dd33cacce13bdedc5b914e3514b7fb30"},
    {file = "vine-5.0.0.tar.gz", hash = "sha256:7d3b1624a953da82ef63462013bbd271d3eb75751489f9807598e8f340bd637e"},
]

[[package]]
name = "wcwidth"
version = "0.2.6"
description = "Measures the displayed width of unicode strings in a terminal"
optional = false
python-versions = "*"
files = [
    {file = "wcwidth-0.2.6-py2.py3-none-any.whl", hash = "sha256:795b138f6875577cd91bba52baf9e445cd5118fd32723b460e30a0af30ea230e"},
    {file = "wcwidth-0.2.6.tar.gz", hash = "sha256:a5220780a404dbe3353789870978e472cfe477761f06ee55077256e509b156d0"},
]

[metadata]
lock-version = "2.0"
python-versions = "^3.11"
content-hash = "3ec6f5f225c9ae67e6496f122da06ef9646756c62991af9f2679f5258e08f09c"
